
Microsoft Visual Studio Solution File, Format Version 12.00
# Visual Studio Version 17
VisualStudioVersion = 17.5.33414.496
MinimumVisualStudioVersion = 10.0.40219.1
Project("{FAE04EC0-301F-11D3-BF4B-00C04F79EFBC}") = "Non-DivisibleSubset", "Non-DivisibleSubset\Non-DivisibleSubset.csproj", "{08EE147B-A561-44C4-BCFC-80E06BEE97F3}"
EndProject
Global
	GlobalSection(SolutionConfigurationPlatforms) = preSolution
		Debug|Any CPU = Debug|Any CPU
		Release|Any CPU = Release|Any CPU
	EndGlobalSection
	GlobalSection(ProjectConfigurationPlatforms) = postSolution
		{08EE147B-A561-44C4-BCFC-80E06BEE97F3}.Debug|Any CPU.ActiveCfg = Debug|Any CPU
		{08EE147B-A561-44C4-BCFC-80E06BEE97F3}.Debug|Any CPU.Build.0 = Debug|Any CPU
		{08EE147B-A561-44C4-BCFC-80E06BEE97F3}.Release|Any CPU.ActiveCfg = Release|Any CPU
		{08EE147B-A561-44C4-BCFC-80E06BEE97F3}.Release|Any CPU.Build.0 = Release|Any CPU
	EndGlobalSection
	GlobalSection(SolutionProperties) = preSolution
		HideSolutionNode = FALSE
	EndGlobalSection
	GlobalSection(ExtensibilityGlobals) = postSolution
		SolutionGuid = {49F9BFE3-66AC-45A2-A93A-87D74153CC50}
	EndGlobalSection
EndGlobal
